
Microsoft Visual Studio Solution File, Format Version 12.00
# Visual Studio 14
VisualStudioVersion = 14.0.24720.0
MinimumVisualStudioVersion = 10.0.40219.1
Project("{FAE04EC0-301F-11D3-BF4B-00C04F79EFBC}") = "POS System", "POS System\POS System.csproj", "{B7E842C1-B6F0-4B52-BF87-D30B9184C546}"
EndProject
Project("{FAE04EC0-301F-11D3-BF4B-00C04F79EFBC}") = "BLLS", "BLLS\BLLS.csproj", "{96718E6E-2051-4541-BB94-09C8D19AD758}"
EndProject
Project("{FAE04EC0-301F-11D3-BF4B-00C04F79EFBC}") = "DOA", "DOA\DOA.csproj", "{42A8D3E1-03FA-4554-B204-3CC3FA98C945}"
EndProject
Project("{2150E333-8FDC-42A3-9474-1A3956D46DE8}") = "Image", "Image", "{B0489599-EA26-4F01-99D2-805B73ED61E6}"
EndProject
Project("{2150E333-8FDC-42A3-9474-1A3956D46DE8}") = "Security", "Security", "{9067580E-99DE-42A4-8F2E-BEFFBB979FCE}"
EndProject
Project("{FAE04EC0-301F-11D3-BF4B-00C04F79EFBC}") = "secureapp", "secureapp\secureapp.csproj", "{DCC23FE5-A1FB-421A-8D1B-4C596FFFE054}"
EndProject
Project("{FAE04EC0-301F-11D3-BF4B-00C04F79EFBC}") = "TrialMaker", "TrialMaker\TrialMaker.csproj", "{2A803CAE-16F1-44C4-BF6D-2CAE88CDE659}"
EndProject
Global
	GlobalSection(SolutionConfigurationPlatforms) = preSolution
		CD_ROM|Any CPU = CD_ROM|Any CPU
		Debug|Any CPU = Debug|Any CPU
		DVD-5|Any CPU = DVD-5|Any CPU
		Release|Any CPU = Release|Any CPU
		SingleImage|Any CPU = SingleImage|Any CPU
	EndGlobalSection
	GlobalSection(ProjectConfigurationPlatforms) = postSolution
		{B7E842C1-B6F0-4B52-BF87-D30B9184C546}.CD_ROM|Any CPU.ActiveCfg = Release|Any CPU
		{B7E842C1-B6F0-4B52-BF87-D30B9184C546}.CD_ROM|Any CPU.Build.0 = Release|Any CPU
		{B7E842C1-B6F0-4B52-BF87-D30B9184C546}.Debug|Any CPU.ActiveCfg = Debug|Any CPU
		{B7E842C1-B6F0-4B52-BF87-D30B9184C546}.Debug|Any CPU.Build.0 = Debug|Any CPU
		{B7E842C1-B6F0-4B52-BF87-D30B9184C546}.DVD-5|Any CPU.ActiveCfg = Debug|Any CPU
		{B7E842C1-B6F0-4B52-BF87-D30B9184C546}.DVD-5|Any CPU.Build.0 = Debug|Any CPU
		{B7E842C1-B6F0-4B52-BF87-D30B9184C546}.Release|Any CPU.ActiveCfg = Release|Any CPU
		{B7E842C1-B6F0-4B52-BF87-D30B9184C546}.Release|Any CPU.Build.0 = Release|Any CPU
		{B7E842C1-B6F0-4B52-BF87-D30B9184C546}.SingleImage|Any CPU.ActiveCfg = Release|Any CPU
		{B7E842C1-B6F0-4B52-BF87-D30B9184C546}.SingleImage|Any CPU.Build.0 = Release|Any CPU
		{96718E6E-2051-4541-BB94-09C8D19AD758}.CD_ROM|Any CPU.ActiveCfg = Release|Any CPU
		{96718E6E-2051-4541-BB94-09C8D19AD758}.CD_ROM|Any CPU.Build.0 = Release|Any CPU
		{96718E6E-2051-4541-BB94-09C8D19AD758}.Debug|Any CPU.ActiveCfg = Debug|Any CPU
		{96718E6E-2051-4541-BB94-09C8D19AD758}.Debug|Any CPU.Build.0 = Debug|Any CPU
		{96718E6E-2051-4541-BB94-09C8D19AD758}.DVD-5|Any CPU.ActiveCfg = Debug|Any CPU
		{96718E6E-2051-4541-BB94-09C8D19AD758}.DVD-5|Any CPU.Build.0 = Debug|Any CPU
		{96718E6E-2051-4541-BB94-09C8D19AD758}.Release|Any CPU.ActiveCfg = Release|Any CPU
		{96718E6E-2051-4541-BB94-09C8D19AD758}.Release|Any CPU.Build.0 = Release|Any CPU
		{96718E6E-2051-4541-BB94-09C8D19AD758}.SingleImage|Any CPU.ActiveCfg = Release|Any CPU
		{96718E6E-2051-4541-BB94-09C8D19AD758}.SingleImage|Any CPU.Build.0 = Release|Any CPU
		{42A8D3E1-03FA-4554-B204-3CC3FA98C945}.CD_ROM|Any CPU.ActiveCfg = Release|Any CPU
		{42A8D3E1-03FA-4554-B204-3CC3FA98C945}.CD_ROM|Any CPU.Build.0 = Release|Any CPU
		{42A8D3E1-03FA-4554-B204-3CC3FA98C945}.Debug|Any CPU.ActiveCfg = Debug|Any CPU
		{42A8D3E1-03FA-4554-B204-3CC3FA98C945}.Debug|Any CPU.Build.0 = Debug|Any CPU
		{42A8D3E1-03FA-4554-B204-3CC3FA98C945}.DVD-5|Any CPU.ActiveCfg = Debug|Any CPU
		{42A8D3E1-03FA-4554-B204-3CC3FA98C945}.DVD-5|Any CPU.Build.0 = Debug|Any CPU
		{42A8D3E1-03FA-4554-B204-3CC3FA98C945}.Release|Any CPU.ActiveCfg = Release|Any CPU
		{42A8D3E1-03FA-4554-B204-3CC3FA98C945}.Release|Any CPU.Build.0 = Release|Any CPU
		{42A8D3E1-03FA-4554-B204-3CC3FA98C945}.SingleImage|Any CPU.ActiveCfg = Release|Any CPU
		{42A8D3E1-03FA-4554-B204-3CC3FA98C945}.SingleImage|Any CPU.Build.0 = Release|Any CPU
		{DCC23FE5-A1FB-421A-8D1B-4C596FFFE054}.CD_ROM|Any CPU.ActiveCfg = Release|Any CPU
		{DCC23FE5-A1FB-421A-8D1B-4C596FFFE054}.CD_ROM|Any CPU.Build.0 = Release|Any CPU
		{DCC23FE5-A1FB-421A-8D1B-4C596FFFE054}.Debug|Any CPU.ActiveCfg = Debug|Any CPU
		{DCC23FE5-A1FB-421A-8D1B-4C596FFFE054}.Debug|Any CPU.Build.0 = Debug|Any CPU
		{DCC23FE5-A1FB-421A-8D1B-4C596FFFE054}.DVD-5|Any CPU.ActiveCfg = Debug|Any CPU
		{DCC23FE5-A1FB-421A-8D1B-4C596FFFE054}.DVD-5|Any CPU.Build.0 = Debug|Any CPU
		{DCC23FE5-A1FB-421A-8D1B-4C596FFFE054}.Release|Any CPU.ActiveCfg = Release|Any CPU
		{DCC23FE5-A1FB-421A-8D1B-4C596FFFE054}.Release|Any CPU.Build.0 = Release|Any CPU
		{DCC23FE5-A1FB-421A-8D1B-4C596FFFE054}.SingleImage|Any CPU.ActiveCfg = Release|Any CPU
		{DCC23FE5-A1FB-421A-8D1B-4C596FFFE054}.SingleImage|Any CPU.Build.0 = Release|Any CPU
		{2A803CAE-16F1-44C4-BF6D-2CAE88CDE659}.CD_ROM|Any CPU.ActiveCfg = Release|Any CPU
		{2A803CAE-16F1-44C4-BF6D-2CAE88CDE659}.CD_ROM|Any CPU.Build.0 = Release|Any CPU
		{2A803CAE-16F1-44C4-BF6D-2CAE88CDE659}.Debug|Any CPU.ActiveCfg = Debug|Any CPU
		{2A803CAE-16F1-44C4-BF6D-2CAE88CDE659}.Debug|Any CPU.Build.0 = Debug|Any CPU
		{2A803CAE-16F1-44C4-BF6D-2CAE88CDE659}.DVD-5|Any CPU.ActiveCfg = Debug|Any CPU
		{2A803CAE-16F1-44C4-BF6D-2CAE88CDE659}.DVD-5|Any CPU.Build.0 = Debug|Any CPU
		{2A803CAE-16F1-44C4-BF6D-2CAE88CDE659}.Release|Any CPU.ActiveCfg = Release|Any CPU
		{2A803CAE-16F1-44C4-BF6D-2CAE88CDE659}.Release|Any CPU.Build.0 = Release|Any CPU
		{2A803CAE-16F1-44C4-BF6D-2CAE88CDE659}.SingleImage|Any CPU.ActiveCfg = Release|Any CPU
		{2A803CAE-16F1-44C4-BF6D-2CAE88CDE659}.SingleImage|Any CPU.Build.0 = Release|Any CPU
	EndGlobalSection
	GlobalSection(SolutionProperties) = preSolution
		HideSolutionNode = FALSE
	EndGlobalSection
	GlobalSection(NestedProjects) = preSolution
		{DCC23FE5-A1FB-421A-8D1B-4C596FFFE054} = {9067580E-99DE-42A4-8F2E-BEFFBB979FCE}
		{2A803CAE-16F1-44C4-BF6D-2CAE88CDE659} = {9067580E-99DE-42A4-8F2E-BEFFBB979FCE}
	EndGlobalSection
EndGlobal
